{
  "version": 1,
  "dependencies": {
    ".NETStandard,Version=v2.1": {
      "Messerli.CodeStyle": {
        "type": "Direct",
        "requested": "[1.2.0, )",
        "resolved": "1.2.0",
        "contentHash": "rekKus+Vd4Xw5DKkWJOCsN5/CE+g+j+/KVUHh5v9zQn/TkZEgB7KT7EhRvfIWXQyhGiRQd5Lx0AlrT/ltugalQ==",
        "dependencies": {
          "IDisposableAnalyzers": "3.3.8",
          "StyleCop.Analyzers": "1.2.0-beta.164"
        }
      },
      "IDisposableAnalyzers": {
        "type": "Transitive",
        "resolved": "3.3.8",
        "contentHash": "tVRKdXrQ2kUjzCA1JSYcaYX9PLBC8iYRZbIKhtqYjqlo3WfxdCXza6UWZCTSl2WFzXR66gaIGf6U9cnmrTlROQ=="
      },
      "StyleCop.Analyzers": {
        "type": "Transitive",
        "resolved": "1.2.0-beta.164",
        "contentHash": "IWMH8RyJGDu8ZrYFKIwjfcuXizpJnjnMGE8tDRnZ36AIAQeFDjeUPH2EUEMwj4+63oQBu/KkzRe9clSW9s5mdA==",
        "dependencies": {
          "StyleCop.Analyzers.Unstable": "1.2.0.164"
        }
      },
      "StyleCop.Analyzers.Unstable": {
        "type": "Transitive",
        "resolved": "1.2.0.164",
        "contentHash": "3WJ5JvRP9QjdrwspeLFjwD2AZw2CcDmYLQ7x8oofxvOzXvboZdFlPsSV8h56hLyK0lnMFvtpb48nxz7oQ4RgCQ=="
      }
    }
  }
}