{
  "version": 1,
  "dependencies": {
    ".NETStandard,Version=v2.1": {
      "Messerli.CodeStyle": {
        "type": "Direct",
        "requested": "[1.0.1, )",
        "resolved": "1.0.1",
        "contentHash": "dCHURSod9erZ3RWlM+yKiMJg5rFWP8leTOAIRlooQA0PjUkSzE494lDR1bluihwJZm1/9ET/bJGpS1e0FZYkxQ==",
        "dependencies": {
          "IDisposableAnalyzers": "3.2.0",
          "StyleCop.Analyzers": "1.2.0-beta.113"
        }
      },
      "IDisposableAnalyzers": {
        "type": "Transitive",
        "resolved": "3.2.0",
        "contentHash": "9UelxQG7Kni25Cg63W1RTK3wfJaKdbGcZgCoD7ofgItTtpFQmUkZSk8hpXXnEZftOGPIJdGdMUaqoXyfMAy8Tw=="
      },
      "StyleCop.Analyzers": {
        "type": "Transitive",
        "resolved": "1.2.0-beta.113",
        "contentHash": "MUwtTDGd8Cgb1YAyAL88U1cpH3hlrS0CS/dcxp/deqVa7Gh6V4U1XJZ9sZkfjGeL+Cbhq4KV8mo98d9wJ4RVsA==",
        "dependencies": {
          "StyleCop.Analyzers.Unstable": "1.2.0.113"
        }
      },
      "StyleCop.Analyzers.Unstable": {
        "type": "Transitive",
        "resolved": "1.2.0.113",
        "contentHash": "/RIaSRC+5YFK0ZGxHVTK+UaFp8H0k7oIVWpz2NmjRl5oeMo/j+C8Jitfh3QZY6rQ70CGkOyPtS8UlUDua2pMVA=="
      }
    }
  }
}