Microsoft Visual Studio Solution File, Format Version 12.00
# Visual Studio Version 16
VisualStudioVersion = 16.0.29201.188
MinimumVisualStudioVersion = 10.0.40219.1
Project("{9A19103F-16F7-4668-BE54-9A1E7A4F7556}") = "MetaGenerator", "MetaGenerator\MetaGenerator.csproj", "{759017FC-2082-4392-9355-1EE78061E5DD}"
EndProject
Project("{9A19103F-16F7-4668-BE54-9A1E7A4F7556}") = "MetaGenerator.Test", "MetaGenerator.Test\MetaGenerator.Test.csproj", "{B096EAAF-F16C-459F-A8F3-35B8121A00E8}"
EndProject
Project("{9A19103F-16F7-4668-BE54-9A1E7A4F7556}") = "CommandLine", "CommandLine\CommandLine.csproj", "{5A010D37-9783-473E-82CF-3A9851B0C030}"
EndProject
Project("{9A19103F-16F7-4668-BE54-9A1E7A4F7556}") = "CommandLineAbstractions", "CommandLineAbstractions\CommandLineAbstractions.csproj", "{4F05AE06-C918-4576-9427-F15EC6663755}"
EndProject
Project("{9A19103F-16F7-4668-BE54-9A1E7A4F7556}") = "MetaGeneratorAbstractions", "MetaGeneratorAbstractions\MetaGeneratorAbstractions.csproj", "{0FFED16E-FCE2-4183-8D45-CDD4794FBCA0}"
EndProject
Project("{2150E333-8FDC-42A3-9474-1A3956D46DE8}") = "Plugins", "Plugins", "{20C9369F-5188-445E-9A81-837709067EA5}"
EndProject
Project("{9A19103F-16F7-4668-BE54-9A1E7A4F7556}") = "MetaGeneratorProjectPlugin", "Plugins\MetaGeneratorProjectPlugin\MetaGeneratorProjectPlugin.csproj", "{DA906E3A-6E30-4465-940A-2F5EC6E24333}"
EndProject
Project("{2150E333-8FDC-42A3-9474-1A3956D46DE8}") = "Solution Items", "Solution Items", "{06866539-29BC-400F-A087-0AE5B536B976}"
	ProjectSection(SolutionItems) = preProject
		.gitignore = .gitignore
		.gitmodules = .gitmodules
		Directory.Build.props = Directory.Build.props
		global.json = global.json
		Packages.props = Packages.props
		Plugin.targets = Plugin.targets
		publish.ps1 = publish.ps1
		README.md = README.md
	EndProjectSection
EndProject
Project("{9A19103F-16F7-4668-BE54-9A1E7A4F7556}") = "VsSolution", "VsSolution\VsSolution.csproj", "{A9936752-DD5B-46C8-BFB2-DADBA6F2F1AC}"
EndProject
Project("{9A19103F-16F7-4668-BE54-9A1E7A4F7556}") = "NativeProjectsPlugin", "Plugins\NativeProjectsPlugin\NativeProjectsPlugin.csproj", "{71710905-1901-49C9-86BF-409D276FE968}"
EndProject
Project("{9A19103F-16F7-4668-BE54-9A1E7A4F7556}") = "MesserliOneRepositoryPlugin", "Plugins\MesserliOneRepositoryPlugin\MesserliOneRepositoryPlugin.csproj", "{478ED0F0-33E5-43B1-96D3-E00993E3A35D}"
EndProject
Project("{9A19103F-16F7-4668-BE54-9A1E7A4F7556}") = "ToolLoader", "ToolLoader\ToolLoader.csproj", "{ED0DD2CD-F2C5-4DB8-8C65-3F8093BC5D69}"
EndProject
Project("{9A19103F-16F7-4668-BE54-9A1E7A4F7556}") = "ToolLoaderAbstractions", "ToolLoaderAbstractions\ToolLoaderAbstractions.csproj", "{B8E9F584-0EB5-490C-96E4-E610D8823642}"
EndProject
Project("{9A19103F-16F7-4668-BE54-9A1E7A4F7556}") = "ManagedWrapperProjectsPlugin", "Plugins\ManagedWrapperProjectsPlugin\ManagedWrapperProjectsPlugin.csproj", "{DB3EF7E4-220A-405F-82CC-9F1E9B7B71A9}"
EndProject
Project("{FAE04EC0-301F-11D3-BF4B-00C04F79EFBC}") = "FileManipulator", "FileManipulator\FileManipulator.csproj", "{1E03BF1E-C0B4-4317-A5F6-C88F9C24EA93}"
EndProject
Project("{FAE04EC0-301F-11D3-BF4B-00C04F79EFBC}") = "FileManipulatorAbstractions", "FileManipulatorAbstractions\FileManipulatorAbstractions.csproj", "{2CE393CD-227E-4C53-9216-FAFED37FED45}"
EndProject
Project("{FAE04EC0-301F-11D3-BF4B-00C04F79EFBC}") = "FileManipulator.Test", "FileManipulator.Test\FileManipulator.Test.csproj", "{B8477F9B-EBBF-40B0-ADFC-A43F6B080617}"
EndProject
Global
	GlobalSection(SolutionConfigurationPlatforms) = preSolution
		Debug|Any CPU = Debug|Any CPU
		Release|Any CPU = Release|Any CPU
	EndGlobalSection
	GlobalSection(ProjectConfigurationPlatforms) = postSolution
		{759017FC-2082-4392-9355-1EE78061E5DD}.Debug|Any CPU.ActiveCfg = Debug|Any CPU
		{759017FC-2082-4392-9355-1EE78061E5DD}.Debug|Any CPU.Build.0 = Debug|Any CPU
		{759017FC-2082-4392-9355-1EE78061E5DD}.Release|Any CPU.ActiveCfg = Release|Any CPU
		{759017FC-2082-4392-9355-1EE78061E5DD}.Release|Any CPU.Build.0 = Release|Any CPU
		{B096EAAF-F16C-459F-A8F3-35B8121A00E8}.Debug|Any CPU.ActiveCfg = Debug|Any CPU
		{B096EAAF-F16C-459F-A8F3-35B8121A00E8}.Debug|Any CPU.Build.0 = Debug|Any CPU
		{B096EAAF-F16C-459F-A8F3-35B8121A00E8}.Release|Any CPU.ActiveCfg = Release|Any CPU
		{B096EAAF-F16C-459F-A8F3-35B8121A00E8}.Release|Any CPU.Build.0 = Release|Any CPU
		{5A010D37-9783-473E-82CF-3A9851B0C030}.Debug|Any CPU.ActiveCfg = Debug|Any CPU
		{5A010D37-9783-473E-82CF-3A9851B0C030}.Debug|Any CPU.Build.0 = Debug|Any CPU
		{5A010D37-9783-473E-82CF-3A9851B0C030}.Release|Any CPU.ActiveCfg = Release|Any CPU
		{5A010D37-9783-473E-82CF-3A9851B0C030}.Release|Any CPU.Build.0 = Release|Any CPU
		{4F05AE06-C918-4576-9427-F15EC6663755}.Debug|Any CPU.ActiveCfg = Debug|Any CPU
		{4F05AE06-C918-4576-9427-F15EC6663755}.Debug|Any CPU.Build.0 = Debug|Any CPU
		{4F05AE06-C918-4576-9427-F15EC6663755}.Release|Any CPU.ActiveCfg = Release|Any CPU
		{4F05AE06-C918-4576-9427-F15EC6663755}.Release|Any CPU.Build.0 = Release|Any CPU
		{0FFED16E-FCE2-4183-8D45-CDD4794FBCA0}.Debug|Any CPU.ActiveCfg = Debug|Any CPU
		{0FFED16E-FCE2-4183-8D45-CDD4794FBCA0}.Debug|Any CPU.Build.0 = Debug|Any CPU
		{0FFED16E-FCE2-4183-8D45-CDD4794FBCA0}.Release|Any CPU.ActiveCfg = Release|Any CPU
		{0FFED16E-FCE2-4183-8D45-CDD4794FBCA0}.Release|Any CPU.Build.0 = Release|Any CPU
		{DA906E3A-6E30-4465-940A-2F5EC6E24333}.Debug|Any CPU.ActiveCfg = Debug|Any CPU
		{DA906E3A-6E30-4465-940A-2F5EC6E24333}.Debug|Any CPU.Build.0 = Debug|Any CPU
		{DA906E3A-6E30-4465-940A-2F5EC6E24333}.Release|Any CPU.ActiveCfg = Release|Any CPU
		{DA906E3A-6E30-4465-940A-2F5EC6E24333}.Release|Any CPU.Build.0 = Release|Any CPU
		{A9936752-DD5B-46C8-BFB2-DADBA6F2F1AC}.Debug|Any CPU.ActiveCfg = Debug|Any CPU
		{A9936752-DD5B-46C8-BFB2-DADBA6F2F1AC}.Debug|Any CPU.Build.0 = Debug|Any CPU
		{A9936752-DD5B-46C8-BFB2-DADBA6F2F1AC}.Release|Any CPU.ActiveCfg = Release|Any CPU
		{A9936752-DD5B-46C8-BFB2-DADBA6F2F1AC}.Release|Any CPU.Build.0 = Release|Any CPU
		{71710905-1901-49C9-86BF-409D276FE968}.Debug|Any CPU.ActiveCfg = Debug|Any CPU
		{71710905-1901-49C9-86BF-409D276FE968}.Debug|Any CPU.Build.0 = Debug|Any CPU
		{71710905-1901-49C9-86BF-409D276FE968}.Release|Any CPU.ActiveCfg = Release|Any CPU
		{71710905-1901-49C9-86BF-409D276FE968}.Release|Any CPU.Build.0 = Release|Any CPU
		{478ED0F0-33E5-43B1-96D3-E00993E3A35D}.Debug|Any CPU.ActiveCfg = Debug|Any CPU
		{478ED0F0-33E5-43B1-96D3-E00993E3A35D}.Debug|Any CPU.Build.0 = Debug|Any CPU
		{478ED0F0-33E5-43B1-96D3-E00993E3A35D}.Release|Any CPU.ActiveCfg = Release|Any CPU
		{478ED0F0-33E5-43B1-96D3-E00993E3A35D}.Release|Any CPU.Build.0 = Release|Any CPU
		{ED0DD2CD-F2C5-4DB8-8C65-3F8093BC5D69}.Debug|Any CPU.ActiveCfg = Debug|Any CPU
		{ED0DD2CD-F2C5-4DB8-8C65-3F8093BC5D69}.Debug|Any CPU.Build.0 = Debug|Any CPU
		{ED0DD2CD-F2C5-4DB8-8C65-3F8093BC5D69}.Release|Any CPU.ActiveCfg = Release|Any CPU
		{ED0DD2CD-F2C5-4DB8-8C65-3F8093BC5D69}.Release|Any CPU.Build.0 = Release|Any CPU
		{B8E9F584-0EB5-490C-96E4-E610D8823642}.Debug|Any CPU.ActiveCfg = Debug|Any CPU
		{B8E9F584-0EB5-490C-96E4-E610D8823642}.Debug|Any CPU.Build.0 = Debug|Any CPU
		{B8E9F584-0EB5-490C-96E4-E610D8823642}.Release|Any CPU.ActiveCfg = Release|Any CPU
		{B8E9F584-0EB5-490C-96E4-E610D8823642}.Release|Any CPU.Build.0 = Release|Any CPU
		{DB3EF7E4-220A-405F-82CC-9F1E9B7B71A9}.Debug|Any CPU.ActiveCfg = Debug|Any CPU
		{DB3EF7E4-220A-405F-82CC-9F1E9B7B71A9}.Debug|Any CPU.Build.0 = Debug|Any CPU
		{DB3EF7E4-220A-405F-82CC-9F1E9B7B71A9}.Release|Any CPU.ActiveCfg = Release|Any CPU
		{DB3EF7E4-220A-405F-82CC-9F1E9B7B71A9}.Release|Any CPU.Build.0 = Release|Any CPU
		{1E03BF1E-C0B4-4317-A5F6-C88F9C24EA93}.Debug|Any CPU.ActiveCfg = Debug|Any CPU
		{1E03BF1E-C0B4-4317-A5F6-C88F9C24EA93}.Debug|Any CPU.Build.0 = Debug|Any CPU
		{1E03BF1E-C0B4-4317-A5F6-C88F9C24EA93}.Release|Any CPU.ActiveCfg = Release|Any CPU
		{1E03BF1E-C0B4-4317-A5F6-C88F9C24EA93}.Release|Any CPU.Build.0 = Release|Any CPU
		{2CE393CD-227E-4C53-9216-FAFED37FED45}.Debug|Any CPU.ActiveCfg = Debug|Any CPU
		{2CE393CD-227E-4C53-9216-FAFED37FED45}.Debug|Any CPU.Build.0 = Debug|Any CPU
		{2CE393CD-227E-4C53-9216-FAFED37FED45}.Release|Any CPU.ActiveCfg = Release|Any CPU
		{2CE393CD-227E-4C53-9216-FAFED37FED45}.Release|Any CPU.Build.0 = Release|Any CPU
		{B8477F9B-EBBF-40B0-ADFC-A43F6B080617}.Debug|Any CPU.ActiveCfg = Debug|Any CPU
		{B8477F9B-EBBF-40B0-ADFC-A43F6B080617}.Debug|Any CPU.Build.0 = Debug|Any CPU
		{B8477F9B-EBBF-40B0-ADFC-A43F6B080617}.Release|Any CPU.ActiveCfg = Release|Any CPU
		{B8477F9B-EBBF-40B0-ADFC-A43F6B080617}.Release|Any CPU.Build.0 = Release|Any CPU
	EndGlobalSection
	GlobalSection(SolutionProperties) = preSolution
		HideSolutionNode = FALSE
	EndGlobalSection
	GlobalSection(NestedProjects) = preSolution
		{DA906E3A-6E30-4465-940A-2F5EC6E24333} = {20C9369F-5188-445E-9A81-837709067EA5}
		{71710905-1901-49C9-86BF-409D276FE968} = {20C9369F-5188-445E-9A81-837709067EA5}
		{478ED0F0-33E5-43B1-96D3-E00993E3A35D} = {20C9369F-5188-445E-9A81-837709067EA5}
		{DB3EF7E4-220A-405F-82CC-9F1E9B7B71A9} = {20C9369F-5188-445E-9A81-837709067EA5}
	EndGlobalSection
	GlobalSection(ExtensibilityGlobals) = postSolution
		SolutionGuid = {E1DAC9D9-5C44-443C-9697-0BC57D1F0914}
	EndGlobalSection
EndGlobal
