
Microsoft Visual Studio Solution File, Format Version 12.00
# Visual Studio Version 16
VisualStudioVersion = 16.0.29201.188
MinimumVisualStudioVersion = 10.0.40219.1
Project("{9A19103F-16F7-4668-BE54-9A1E7A4F7556}") = "ProjectGenerator", "ProjectGenerator\ProjectGenerator.csproj", "{759017FC-2082-4392-9355-1EE78061E5DD}"
EndProject
Project("{9A19103F-16F7-4668-BE54-9A1E7A4F7556}") = "ProjectGenerator.Test", "ProjectGenerator.Test\ProjectGenerator.Test.csproj", "{B096EAAF-F16C-459F-A8F3-35B8121A00E8}"
EndProject
Project("{9A19103F-16F7-4668-BE54-9A1E7A4F7556}") = "TfsClient", "TfsClient\TfsClient.csproj", "{5E6FF452-50F7-415F-A75A-0E73F0824775}"
EndProject
Project("{9A19103F-16F7-4668-BE54-9A1E7A4F7556}") = "OneCoreProjects", "Plugins\OneCoreProjects\OneCoreProjects.csproj", "{8EF2BDEE-A5E8-47D0-9699-AC0FF3476BCA}"
EndProject
Project("{9A19103F-16F7-4668-BE54-9A1E7A4F7556}") = "NativeProjects", "Plugins\NativeProjects\NativeProjects.csproj", "{C18DFEC0-1842-429D-A42A-4A4AF9D8C754}"
EndProject
Project("{9A19103F-16F7-4668-BE54-9A1E7A4F7556}") = "CommandLine", "CommandLine\CommandLine.csproj", "{5A010D37-9783-473E-82CF-3A9851B0C030}"
EndProject
Project("{9A19103F-16F7-4668-BE54-9A1E7A4F7556}") = "CommandLineAbstractions", "CommandLineAbstractions\CommandLineAbstractions.csproj", "{4F05AE06-C918-4576-9427-F15EC6663755}"
EndProject
Project("{9A19103F-16F7-4668-BE54-9A1E7A4F7556}") = "ProjectAbstractions", "ProjectAbstractions\ProjectAbstractions.csproj", "{0FFED16E-FCE2-4183-8D45-CDD4794FBCA0}"
EndProject
Project("{2150E333-8FDC-42A3-9474-1A3956D46DE8}") = "Plugins", "Plugins", "{20C9369F-5188-445E-9A81-837709067EA5}"
EndProject
Project("{FAE04EC0-301F-11D3-BF4B-00C04F79EFBC}") = "ProjectGeneratorPluginProjects", "Plugins\ProjectGeneratorPluginProjects\ProjectGeneratorPluginProjects.csproj", "{DA906E3A-6E30-4465-940A-2F5EC6E24333}"
EndProject
Global
	GlobalSection(SolutionConfigurationPlatforms) = preSolution
		Debug|Any CPU = Debug|Any CPU
		Release|Any CPU = Release|Any CPU
	EndGlobalSection
	GlobalSection(ProjectConfigurationPlatforms) = postSolution
		{759017FC-2082-4392-9355-1EE78061E5DD}.Debug|Any CPU.ActiveCfg = Debug|Any CPU
		{759017FC-2082-4392-9355-1EE78061E5DD}.Debug|Any CPU.Build.0 = Debug|Any CPU
		{759017FC-2082-4392-9355-1EE78061E5DD}.Release|Any CPU.ActiveCfg = Release|Any CPU
		{759017FC-2082-4392-9355-1EE78061E5DD}.Release|Any CPU.Build.0 = Release|Any CPU
		{B096EAAF-F16C-459F-A8F3-35B8121A00E8}.Debug|Any CPU.ActiveCfg = Debug|Any CPU
		{B096EAAF-F16C-459F-A8F3-35B8121A00E8}.Debug|Any CPU.Build.0 = Debug|Any CPU
		{B096EAAF-F16C-459F-A8F3-35B8121A00E8}.Release|Any CPU.ActiveCfg = Release|Any CPU
		{B096EAAF-F16C-459F-A8F3-35B8121A00E8}.Release|Any CPU.Build.0 = Release|Any CPU
		{5E6FF452-50F7-415F-A75A-0E73F0824775}.Debug|Any CPU.ActiveCfg = Debug|Any CPU
		{5E6FF452-50F7-415F-A75A-0E73F0824775}.Debug|Any CPU.Build.0 = Debug|Any CPU
		{5E6FF452-50F7-415F-A75A-0E73F0824775}.Release|Any CPU.ActiveCfg = Release|Any CPU
		{5E6FF452-50F7-415F-A75A-0E73F0824775}.Release|Any CPU.Build.0 = Release|Any CPU
		{8EF2BDEE-A5E8-47D0-9699-AC0FF3476BCA}.Debug|Any CPU.ActiveCfg = Debug|Any CPU
		{8EF2BDEE-A5E8-47D0-9699-AC0FF3476BCA}.Debug|Any CPU.Build.0 = Debug|Any CPU
		{8EF2BDEE-A5E8-47D0-9699-AC0FF3476BCA}.Release|Any CPU.ActiveCfg = Release|Any CPU
		{8EF2BDEE-A5E8-47D0-9699-AC0FF3476BCA}.Release|Any CPU.Build.0 = Release|Any CPU
		{C18DFEC0-1842-429D-A42A-4A4AF9D8C754}.Debug|Any CPU.ActiveCfg = Debug|Any CPU
		{C18DFEC0-1842-429D-A42A-4A4AF9D8C754}.Debug|Any CPU.Build.0 = Debug|Any CPU
		{C18DFEC0-1842-429D-A42A-4A4AF9D8C754}.Release|Any CPU.ActiveCfg = Release|Any CPU
		{C18DFEC0-1842-429D-A42A-4A4AF9D8C754}.Release|Any CPU.Build.0 = Release|Any CPU
		{5A010D37-9783-473E-82CF-3A9851B0C030}.Debug|Any CPU.ActiveCfg = Debug|Any CPU
		{5A010D37-9783-473E-82CF-3A9851B0C030}.Debug|Any CPU.Build.0 = Debug|Any CPU
		{5A010D37-9783-473E-82CF-3A9851B0C030}.Release|Any CPU.ActiveCfg = Release|Any CPU
		{5A010D37-9783-473E-82CF-3A9851B0C030}.Release|Any CPU.Build.0 = Release|Any CPU
		{4F05AE06-C918-4576-9427-F15EC6663755}.Debug|Any CPU.ActiveCfg = Debug|Any CPU
		{4F05AE06-C918-4576-9427-F15EC6663755}.Debug|Any CPU.Build.0 = Debug|Any CPU
		{4F05AE06-C918-4576-9427-F15EC6663755}.Release|Any CPU.ActiveCfg = Release|Any CPU
		{4F05AE06-C918-4576-9427-F15EC6663755}.Release|Any CPU.Build.0 = Release|Any CPU
		{0FFED16E-FCE2-4183-8D45-CDD4794FBCA0}.Debug|Any CPU.ActiveCfg = Debug|Any CPU
		{0FFED16E-FCE2-4183-8D45-CDD4794FBCA0}.Debug|Any CPU.Build.0 = Debug|Any CPU
		{0FFED16E-FCE2-4183-8D45-CDD4794FBCA0}.Release|Any CPU.ActiveCfg = Release|Any CPU
		{0FFED16E-FCE2-4183-8D45-CDD4794FBCA0}.Release|Any CPU.Build.0 = Release|Any CPU
		{DA906E3A-6E30-4465-940A-2F5EC6E24333}.Debug|Any CPU.ActiveCfg = Debug|Any CPU
		{DA906E3A-6E30-4465-940A-2F5EC6E24333}.Debug|Any CPU.Build.0 = Debug|Any CPU
		{DA906E3A-6E30-4465-940A-2F5EC6E24333}.Release|Any CPU.ActiveCfg = Release|Any CPU
		{DA906E3A-6E30-4465-940A-2F5EC6E24333}.Release|Any CPU.Build.0 = Release|Any CPU
	EndGlobalSection
	GlobalSection(SolutionProperties) = preSolution
		HideSolutionNode = FALSE
	EndGlobalSection
	GlobalSection(NestedProjects) = preSolution
		{8EF2BDEE-A5E8-47D0-9699-AC0FF3476BCA} = {20C9369F-5188-445E-9A81-837709067EA5}
		{C18DFEC0-1842-429D-A42A-4A4AF9D8C754} = {20C9369F-5188-445E-9A81-837709067EA5}
		{DA906E3A-6E30-4465-940A-2F5EC6E24333} = {20C9369F-5188-445E-9A81-837709067EA5}
	EndGlobalSection
	GlobalSection(ExtensibilityGlobals) = postSolution
		SolutionGuid = {E1DAC9D9-5C44-443C-9697-0BC57D1F0914}
	EndGlobalSection
EndGlobal
