{
  "version": 1,
  "dependencies": {
    ".NETCoreApp,Version=v3.1": {
      "Autofac": {
        "type": "Direct",
        "requested": "[5.1.2, 6.0.0)",
        "resolved": "5.1.2",
        "contentHash": "iGEx5Cm6Uor6/bZkgCHHjJO8cEQvDSOxgzNmHGJgGOnLDCe0b8NpOlhotsqx8dFvBDCsEX/V3YGRR30sRQLsxw=="
      },
      "LibGit2Sharp": {
        "type": "Direct",
        "requested": "[0.26.2, 0.27.0)",
        "resolved": "0.26.2",
        "contentHash": "qHLhuI8VEtMf7jiurT/Ypquh37S6ngllCx+aq9uqOY2evok7Fb2AzhJgvNctsXOzHaJwveBs+30sPQJFn/pISg==",
        "dependencies": {
          "LibGit2Sharp.NativeBinaries": "[2.0.306]"
        }
      },
      "Messerli.CodeStyle": {
        "type": "Direct",
        "requested": "[1.0.1, )",
        "resolved": "1.0.1",
        "contentHash": "dCHURSod9erZ3RWlM+yKiMJg5rFWP8leTOAIRlooQA0PjUkSzE494lDR1bluihwJZm1/9ET/bJGpS1e0FZYkxQ==",
        "dependencies": {
          "IDisposableAnalyzers": "3.2.0",
          "StyleCop.Analyzers": "1.2.0-beta.113"
        }
      },
      "Pastel": {
        "type": "Direct",
        "requested": "[1.3.1, 2.0.0)",
        "resolved": "1.3.1",
        "contentHash": "QAGMh/TXWkg19eA7HI4kVxSvGWpkpSkhjKYI4zcDYM6nEEETcPmqJpet8STe+YvTs4YG3CpTGSYTRAlRt2PNtA=="
      },
      "apophis.Lexer": {
        "type": "Transitive",
        "resolved": "1.4.1",
        "contentHash": "qs7AmclDacG3bKmnsd6JTi1DWe51sbni78kNzySwOWYBkhetQ2MrDQ+uzdt2ASjLWMKrPa01O+Jli+QwEL7wQw==",
        "dependencies": {
          "Funcky": "1.5.1"
        }
      },
      "Funcky": {
        "type": "Transitive",
        "resolved": "2.0.0-rc.1",
        "contentHash": "WrCRFXvFAcj6WJSXeF5rddeyyehZEIB9S+IPhL7ZvCWVQd1PZX5RB+ndU/H40HXBAM0WhK5z+1iPSYJwnIUFWw=="
      },
      "IDisposableAnalyzers": {
        "type": "Transitive",
        "resolved": "3.2.0",
        "contentHash": "9UelxQG7Kni25Cg63W1RTK3wfJaKdbGcZgCoD7ofgItTtpFQmUkZSk8hpXXnEZftOGPIJdGdMUaqoXyfMAy8Tw=="
      },
      "LibGit2Sharp.NativeBinaries": {
        "type": "Transitive",
        "resolved": "2.0.306",
        "contentHash": "LY9nyPE2X/eLl69ttuDPFFlKR8b5KXlqYej1YR1YmqmhF8Izo+vPX90q5ouOO5YGCf5d4lDUOC0x2yMWw00P7Q=="
      },
      "StyleCop.Analyzers": {
        "type": "Transitive",
        "resolved": "1.2.0-beta.113",
        "contentHash": "MUwtTDGd8Cgb1YAyAL88U1cpH3hlrS0CS/dcxp/deqVa7Gh6V4U1XJZ9sZkfjGeL+Cbhq4KV8mo98d9wJ4RVsA==",
        "dependencies": {
          "StyleCop.Analyzers.Unstable": "1.2.0.113"
        }
      },
      "StyleCop.Analyzers.Unstable": {
        "type": "Transitive",
        "resolved": "1.2.0.113",
        "contentHash": "/RIaSRC+5YFK0ZGxHVTK+UaFp8H0k7oIVWpz2NmjRl5oeMo/j+C8Jitfh3QZY6rQ70CGkOyPtS8UlUDua2pMVA=="
      },
      "commandlineabstractions": {
        "type": "Project",
        "dependencies": {
          "Funcky": "[2.0.0-rc.1, 3.0.0)"
        }
      },
      "metageneratorabstractions": {
        "type": "Project",
        "dependencies": {
          "Funcky": "[2.0.0-rc.1, 3.0.0)",
          "VsSolution": "1.0.0"
        }
      },
      "toolloaderabstractions": {
        "type": "Project"
      },
      "vssolution": {
        "type": "Project",
        "dependencies": {
          "Autofac": "[5.1.2, 6.0.0)",
          "Funcky": "[2.0.0-rc.1, 3.0.0)",
          "apophis.Lexer": "[1.4.1, 2.0.0)"
        }
      }
    }
  }
}