{
  "version": 1,
  "dependencies": {
    ".NETStandard,Version=v2.1": {
      "Messerli.CodeStyle": {
        "type": "Direct",
        "requested": "[1.2.0, )",
        "resolved": "1.2.0",
        "contentHash": "rekKus+Vd4Xw5DKkWJOCsN5/CE+g+j+/KVUHh5v9zQn/TkZEgB7KT7EhRvfIWXQyhGiRQd5Lx0AlrT/ltugalQ==",
        "dependencies": {
          "IDisposableAnalyzers": "3.3.8",
          "StyleCop.Analyzers": "1.2.0-beta.164"
        }
      },
      "System.Collections.Immutable": {
        "type": "Direct",
        "requested": "[1.7.0, 2.0.0)",
        "resolved": "1.7.0",
        "contentHash": "RVSM6wZUo6L2y6P3vN6gjUtyJ2IF2RVtrepF3J7nrDKfFQd5u/SnSUFclchYQis8/k5scHy9E+fVeKVQLnnkzw==",
        "dependencies": {
          "System.Memory": "4.5.3"
        }
      },
      "IDisposableAnalyzers": {
        "type": "Transitive",
        "resolved": "3.3.8",
        "contentHash": "tVRKdXrQ2kUjzCA1JSYcaYX9PLBC8iYRZbIKhtqYjqlo3WfxdCXza6UWZCTSl2WFzXR66gaIGf6U9cnmrTlROQ=="
      },
      "StyleCop.Analyzers": {
        "type": "Transitive",
        "resolved": "1.2.0-beta.164",
        "contentHash": "IWMH8RyJGDu8ZrYFKIwjfcuXizpJnjnMGE8tDRnZ36AIAQeFDjeUPH2EUEMwj4+63oQBu/KkzRe9clSW9s5mdA==",
        "dependencies": {
          "StyleCop.Analyzers.Unstable": "1.2.0.164"
        }
      },
      "StyleCop.Analyzers.Unstable": {
        "type": "Transitive",
        "resolved": "1.2.0.164",
        "contentHash": "3WJ5JvRP9QjdrwspeLFjwD2AZw2CcDmYLQ7x8oofxvOzXvboZdFlPsSV8h56hLyK0lnMFvtpb48nxz7oQ4RgCQ=="
      },
      "System.Buffers": {
        "type": "Transitive",
        "resolved": "4.4.0",
        "contentHash": "AwarXzzoDwX6BgrhjoJsk6tUezZEozOT5Y9QKF94Gl4JK91I4PIIBkBco9068Y9/Dra8Dkbie99kXB8+1BaYKw=="
      },
      "System.Memory": {
        "type": "Transitive",
        "resolved": "4.5.3",
        "contentHash": "3oDzvc/zzetpTKWMShs1AADwZjQ/36HnsufHRPcOjyRAAMLDlu2iD33MBI2opxnezcVUtXyqDXXjoFMOU9c7SA==",
        "dependencies": {
          "System.Buffers": "4.4.0",
          "System.Numerics.Vectors": "4.4.0",
          "System.Runtime.CompilerServices.Unsafe": "4.5.2"
        }
      },
      "System.Numerics.Vectors": {
        "type": "Transitive",
        "resolved": "4.4.0",
        "contentHash": "UiLzLW+Lw6HLed1Hcg+8jSRttrbuXv7DANVj0DkL9g6EnnzbL75EB7EWsw5uRbhxd/4YdG8li5XizGWepmG3PQ=="
      },
      "System.Runtime.CompilerServices.Unsafe": {
        "type": "Transitive",
        "resolved": "4.5.2",
        "contentHash": "wprSFgext8cwqymChhrBLu62LMg/1u92bU+VOwyfBimSPVFXtsNqEWC92Pf9ofzJFlk4IHmJA75EDJn1b2goAQ=="
      }
    }
  }
}