{
  "version": 1,
  "dependencies": {
    ".NETStandard,Version=v2.1": {
      "Messerli.CodeStyle": {
        "type": "Direct",
        "requested": "[1.0.1, )",
        "resolved": "1.0.1",
        "contentHash": "dCHURSod9erZ3RWlM+yKiMJg5rFWP8leTOAIRlooQA0PjUkSzE494lDR1bluihwJZm1/9ET/bJGpS1e0FZYkxQ==",
        "dependencies": {
          "IDisposableAnalyzers": "3.2.0",
          "StyleCop.Analyzers": "1.2.0-beta.113"
        }
      },
      "System.Collections.Immutable": {
        "type": "Direct",
        "requested": "[1.7.0, 2.0.0)",
        "resolved": "1.7.0",
        "contentHash": "RVSM6wZUo6L2y6P3vN6gjUtyJ2IF2RVtrepF3J7nrDKfFQd5u/SnSUFclchYQis8/k5scHy9E+fVeKVQLnnkzw==",
        "dependencies": {
          "System.Memory": "4.5.3"
        }
      },
      "IDisposableAnalyzers": {
        "type": "Transitive",
        "resolved": "3.2.0",
        "contentHash": "9UelxQG7Kni25Cg63W1RTK3wfJaKdbGcZgCoD7ofgItTtpFQmUkZSk8hpXXnEZftOGPIJdGdMUaqoXyfMAy8Tw=="
      },
      "StyleCop.Analyzers": {
        "type": "Transitive",
        "resolved": "1.2.0-beta.113",
        "contentHash": "MUwtTDGd8Cgb1YAyAL88U1cpH3hlrS0CS/dcxp/deqVa7Gh6V4U1XJZ9sZkfjGeL+Cbhq4KV8mo98d9wJ4RVsA==",
        "dependencies": {
          "StyleCop.Analyzers.Unstable": "1.2.0.113"
        }
      },
      "StyleCop.Analyzers.Unstable": {
        "type": "Transitive",
        "resolved": "1.2.0.113",
        "contentHash": "/RIaSRC+5YFK0ZGxHVTK+UaFp8H0k7oIVWpz2NmjRl5oeMo/j+C8Jitfh3QZY6rQ70CGkOyPtS8UlUDua2pMVA=="
      },
      "System.Buffers": {
        "type": "Transitive",
        "resolved": "4.4.0",
        "contentHash": "AwarXzzoDwX6BgrhjoJsk6tUezZEozOT5Y9QKF94Gl4JK91I4PIIBkBco9068Y9/Dra8Dkbie99kXB8+1BaYKw=="
      },
      "System.Memory": {
        "type": "Transitive",
        "resolved": "4.5.3",
        "contentHash": "3oDzvc/zzetpTKWMShs1AADwZjQ/36HnsufHRPcOjyRAAMLDlu2iD33MBI2opxnezcVUtXyqDXXjoFMOU9c7SA==",
        "dependencies": {
          "System.Buffers": "4.4.0",
          "System.Numerics.Vectors": "4.4.0",
          "System.Runtime.CompilerServices.Unsafe": "4.5.2"
        }
      },
      "System.Numerics.Vectors": {
        "type": "Transitive",
        "resolved": "4.4.0",
        "contentHash": "UiLzLW+Lw6HLed1Hcg+8jSRttrbuXv7DANVj0DkL9g6EnnzbL75EB7EWsw5uRbhxd/4YdG8li5XizGWepmG3PQ=="
      },
      "System.Runtime.CompilerServices.Unsafe": {
        "type": "Transitive",
        "resolved": "4.5.2",
        "contentHash": "wprSFgext8cwqymChhrBLu62LMg/1u92bU+VOwyfBimSPVFXtsNqEWC92Pf9ofzJFlk4IHmJA75EDJn1b2goAQ=="
      }
    }
  }
}