{
  "version": 1,
  "dependencies": {
    ".NETCoreApp,Version=v3.1": {
      "Autofac": {
        "type": "Direct",
        "requested": "[5.1.2, 6.0.0)",
        "resolved": "5.1.2",
        "contentHash": "iGEx5Cm6Uor6/bZkgCHHjJO8cEQvDSOxgzNmHGJgGOnLDCe0b8NpOlhotsqx8dFvBDCsEX/V3YGRR30sRQLsxw=="
      },
      "Funcky": {
        "type": "Direct",
        "requested": "[1.5.1, 2.0.0)",
        "resolved": "1.5.1",
        "contentHash": "3ARa6NMoQ8kao22aIDWGX/3aTlS9lvMCdem9dZg29yUSnKd16I5hOoRQt1nTdYStTTbHFCblAx0168iGO1A4Ww==",
        "dependencies": {
          "System.Threading.Tasks.Extensions": "4.3.0"
        }
      },
      "LibGit2Sharp": {
        "type": "Direct",
        "requested": "[0.26.2, 0.27.0)",
        "resolved": "0.26.2",
        "contentHash": "qHLhuI8VEtMf7jiurT/Ypquh37S6ngllCx+aq9uqOY2evok7Fb2AzhJgvNctsXOzHaJwveBs+30sPQJFn/pISg==",
        "dependencies": {
          "LibGit2Sharp.NativeBinaries": "[2.0.306]"
        }
      },
      "Messerli.CodeStyle": {
        "type": "Direct",
        "requested": "[1.0.1, )",
        "resolved": "1.0.1",
        "contentHash": "dCHURSod9erZ3RWlM+yKiMJg5rFWP8leTOAIRlooQA0PjUkSzE494lDR1bluihwJZm1/9ET/bJGpS1e0FZYkxQ==",
        "dependencies": {
          "IDisposableAnalyzers": "3.2.0",
          "StyleCop.Analyzers": "1.2.0-beta.113"
        }
      },
      "Soltys.ChangeCase": {
        "type": "Direct",
        "requested": "[1.6.0, 2.0.0)",
        "resolved": "1.6.0",
        "contentHash": "syS7azgPwV0kwehzm31QZEmyhPrzjX57ACZIjpV1CBW13g/fkDR3pEGGSf3KDZcBQZ/7vBZnTXwZVrjStrMymQ=="
      },
      "apophis.Lexer": {
        "type": "Transitive",
        "resolved": "1.4.1",
        "contentHash": "qs7AmclDacG3bKmnsd6JTi1DWe51sbni78kNzySwOWYBkhetQ2MrDQ+uzdt2ASjLWMKrPa01O+Jli+QwEL7wQw==",
        "dependencies": {
          "Funcky": "1.5.1"
        }
      },
      "IDisposableAnalyzers": {
        "type": "Transitive",
        "resolved": "3.2.0",
        "contentHash": "9UelxQG7Kni25Cg63W1RTK3wfJaKdbGcZgCoD7ofgItTtpFQmUkZSk8hpXXnEZftOGPIJdGdMUaqoXyfMAy8Tw=="
      },
      "LibGit2Sharp.NativeBinaries": {
        "type": "Transitive",
        "resolved": "2.0.306",
        "contentHash": "LY9nyPE2X/eLl69ttuDPFFlKR8b5KXlqYej1YR1YmqmhF8Izo+vPX90q5ouOO5YGCf5d4lDUOC0x2yMWw00P7Q=="
      },
      "Microsoft.NETCore.Platforms": {
        "type": "Transitive",
        "resolved": "1.1.0",
        "contentHash": "kz0PEW2lhqygehI/d6XsPCQzD7ff7gUJaVGPVETX611eadGsA3A877GdSlU0LRVMCTH/+P3o2iDTak+S08V2+A=="
      },
      "Microsoft.NETCore.Targets": {
        "type": "Transitive",
        "resolved": "1.1.0",
        "contentHash": "aOZA3BWfz9RXjpzt0sRJJMjAscAUm3Hoa4UWAfceV9UTYxgwZ1lZt5nO2myFf+/jetYQo4uTP7zS8sJY67BBxg=="
      },
      "StyleCop.Analyzers": {
        "type": "Transitive",
        "resolved": "1.2.0-beta.113",
        "contentHash": "MUwtTDGd8Cgb1YAyAL88U1cpH3hlrS0CS/dcxp/deqVa7Gh6V4U1XJZ9sZkfjGeL+Cbhq4KV8mo98d9wJ4RVsA==",
        "dependencies": {
          "StyleCop.Analyzers.Unstable": "1.2.0.113"
        }
      },
      "StyleCop.Analyzers.Unstable": {
        "type": "Transitive",
        "resolved": "1.2.0.113",
        "contentHash": "/RIaSRC+5YFK0ZGxHVTK+UaFp8H0k7oIVWpz2NmjRl5oeMo/j+C8Jitfh3QZY6rQ70CGkOyPtS8UlUDua2pMVA=="
      },
      "System.Collections": {
        "type": "Transitive",
        "resolved": "4.3.0",
        "contentHash": "3Dcj85/TBdVpL5Zr+gEEBUuFe2icOnLalmEh9hfck1PTYbbyWuZgh4fmm2ysCLTrqLQw6t3TgTyJ+VLp+Qb+Lw==",
        "dependencies": {
          "Microsoft.NETCore.Platforms": "1.1.0",
          "Microsoft.NETCore.Targets": "1.1.0",
          "System.Runtime": "4.3.0"
        }
      },
      "System.Runtime": {
        "type": "Transitive",
        "resolved": "4.3.0",
        "contentHash": "JufQi0vPQ0xGnAczR13AUFglDyVYt4Kqnz1AZaiKZ5+GICq0/1MH/mO/eAJHt/mHW1zjKBJd7kV26SrxddAhiw==",
        "dependencies": {
          "Microsoft.NETCore.Platforms": "1.1.0",
          "Microsoft.NETCore.Targets": "1.1.0"
        }
      },
      "System.Threading.Tasks": {
        "type": "Transitive",
        "resolved": "4.3.0",
        "contentHash": "LbSxKEdOUhVe8BezB/9uOGGppt+nZf6e1VFyw6v3DN6lqitm0OSn2uXMOdtP0M3W4iMcqcivm2J6UgqiwwnXiA==",
        "dependencies": {
          "Microsoft.NETCore.Platforms": "1.1.0",
          "Microsoft.NETCore.Targets": "1.1.0",
          "System.Runtime": "4.3.0"
        }
      },
      "System.Threading.Tasks.Extensions": {
        "type": "Transitive",
        "resolved": "4.3.0",
        "contentHash": "npvJkVKl5rKXrtl1Kkm6OhOUaYGEiF9wFbppFRWSMoApKzt2PiPHT2Bb8a5sAWxprvdOAtvaARS9QYMznEUtug==",
        "dependencies": {
          "System.Collections": "4.3.0",
          "System.Runtime": "4.3.0",
          "System.Threading.Tasks": "4.3.0"
        }
      },
      "commandlineabstractions": {
        "type": "Project",
        "dependencies": {
          "Funcky": "[1.5.1, 2.0.0)"
        }
      },
      "metageneratorabstractions": {
        "type": "Project",
        "dependencies": {
          "Funcky": "[1.5.1, 2.0.0)",
          "VsSolution": "1.0.0"
        }
      },
      "vssolution": {
        "type": "Project",
        "dependencies": {
          "Autofac": "[5.1.2, 6.0.0)",
          "Funcky": "[1.5.1, 2.0.0)",
          "apophis.Lexer": "[1.4.1, 2.0.0)"
        }
      }
    }
  }
}